
Microsoft Visual Studio Solution File, Format Version 11.00
# Visual C++ Express 2010
Project("{8BC9CEB8-8B4A-11D0-8D11-00A0C91BC942}") = "cutseq", "cutseq.vcxproj", "{79B4BA80-0FBB-477A-8522-77E20A5E1E47}"
EndProject
Global
	GlobalSection(SolutionConfigurationPlatforms) = preSolution
		Debug|Win32 = Debug|Win32
		Release|Win32 = Release|Win32
	EndGlobalSection
	GlobalSection(ProjectConfigurationPlatforms) = postSolution
		{79B4BA80-0FBB-477A-8522-77E20A5E1E47}.Debug|Win32.ActiveCfg = Debug|Win32
		{79B4BA80-0FBB-477A-8522-77E20A5E1E47}.Debug|Win32.Build.0 = Debug|Win32
		{79B4BA80-0FBB-477A-8522-77E20A5E1E47}.Release|Win32.ActiveCfg = Release|Win32
		{79B4BA80-0FBB-477A-8522-77E20A5E1E47}.Release|Win32.Build.0 = Release|Win32
	EndGlobalSection
	GlobalSection(SolutionProperties) = preSolution
		HideSolutionNode = FALSE
	EndGlobalSection
EndGlobal
